
Microsoft Visual Studio Solution File, Format Version 12.00
# Visual Studio Version 17
VisualStudioVersion = 17.9.34902.65
MinimumVisualStudioVersion = 10.0.40219.1
Project("{FAE04EC0-301F-11D3-BF4B-00C04F79EFBC}") = "AutoSale", "AutoSale.csproj", "{D9EB31FB-FB23-42DA-9924-3D0E6C74C5F9}"
EndProject
Global
	GlobalSection(SolutionConfigurationPlatforms) = preSolution
		Debug|Any CPU = Debug|Any CPU
		Release|Any CPU = Release|Any CPU
	EndGlobalSection
	GlobalSection(ProjectConfigurationPlatforms) = postSolution
		{D9EB31FB-FB23-42DA-9924-3D0E6C74C5F9}.Debug|Any CPU.ActiveCfg = Debug|Any CPU
		{D9EB31FB-FB23-42DA-9924-3D0E6C74C5F9}.Debug|Any CPU.Build.0 = Debug|Any CPU
		{D9EB31FB-FB23-42DA-9924-3D0E6C74C5F9}.Release|Any CPU.ActiveCfg = Release|Any CPU
		{D9EB31FB-FB23-42DA-9924-3D0E6C74C5F9}.Release|Any CPU.Build.0 = Release|Any CPU
	EndGlobalSection
	GlobalSection(SolutionProperties) = preSolution
		HideSolutionNode = FALSE
	EndGlobalSection
	GlobalSection(ExtensibilityGlobals) = postSolution
		SolutionGuid = {E7D39164-4D1B-4039-AEF3-A4D0E5A48DF6}
	EndGlobalSection
EndGlobal
